
Microsoft Visual Studio Solution File, Format Version 12.00
# Visual Studio Version 17
VisualStudioVersion = 17.4.33110.190
MinimumVisualStudioVersion = 10.0.40219.1
Project("{FAE04EC0-301F-11D3-BF4B-00C04F79EFBC}") = "prod_sys", "prod_sys\prod_sys.csproj", "{C88923F9-4A8D-43EE-AD26-44A960ACD31E}"
EndProject
Global
	GlobalSection(SolutionConfigurationPlatforms) = preSolution
		Debug|Any CPU = Debug|Any CPU
		Release|Any CPU = Release|Any CPU
	EndGlobalSection
	GlobalSection(ProjectConfigurationPlatforms) = postSolution
		{C88923F9-4A8D-43EE-AD26-44A960ACD31E}.Debug|Any CPU.ActiveCfg = Debug|Any CPU
		{C88923F9-4A8D-43EE-AD26-44A960ACD31E}.Debug|Any CPU.Build.0 = Debug|Any CPU
		{C88923F9-4A8D-43EE-AD26-44A960ACD31E}.Release|Any CPU.ActiveCfg = Release|Any CPU
		{C88923F9-4A8D-43EE-AD26-44A960ACD31E}.Release|Any CPU.Build.0 = Release|Any CPU
	EndGlobalSection
	GlobalSection(SolutionProperties) = preSolution
		HideSolutionNode = FALSE
	EndGlobalSection
	GlobalSection(ExtensibilityGlobals) = postSolution
		SolutionGuid = {8F0681F7-EAB1-48AB-B476-4F649B686FD4}
	EndGlobalSection
EndGlobal
